
Microsoft Visual Studio Solution File, Format Version 12.00
# Visual Studio Version 16
VisualStudioVersion = 16.0.31424.327
MinimumVisualStudioVersion = 10.0.40219.1
Project("{FAE04EC0-301F-11D3-BF4B-00C04F79EFBC}") = "AccountingNote", "AccountingNote\AccountingNote.csproj", "{052DB3A7-3451-47B7-8C50-6560F1DA1102}"
EndProject
Global
	GlobalSection(SolutionConfigurationPlatforms) = preSolution
		Debug|Any CPU = Debug|Any CPU
		Release|Any CPU = Release|Any CPU
	EndGlobalSection
	GlobalSection(ProjectConfigurationPlatforms) = postSolution
		{052DB3A7-3451-47B7-8C50-6560F1DA1102}.Debug|Any CPU.ActiveCfg = Debug|Any CPU
		{052DB3A7-3451-47B7-8C50-6560F1DA1102}.Debug|Any CPU.Build.0 = Debug|Any CPU
		{052DB3A7-3451-47B7-8C50-6560F1DA1102}.Release|Any CPU.ActiveCfg = Release|Any CPU
		{052DB3A7-3451-47B7-8C50-6560F1DA1102}.Release|Any CPU.Build.0 = Release|Any CPU
	EndGlobalSection
	GlobalSection(SolutionProperties) = preSolution
		HideSolutionNode = FALSE
	EndGlobalSection
	GlobalSection(ExtensibilityGlobals) = postSolution
		SolutionGuid = {4F87FF35-C1B3-40D6-B7CD-06447C4C95B5}
	EndGlobalSection
EndGlobal
