
Microsoft Visual Studio Solution File, Format Version 12.00
# Visual Studio Version 16
VisualStudioVersion = 16.0.31424.327
MinimumVisualStudioVersion = 10.0.40219.1
Project("{FAE04EC0-301F-11D3-BF4B-00C04F79EFBC}") = "AccountingNote.DBSource", "AccountingNote.DBSource\AccountingNote.DBSource.csproj", "{6C2B0C73-1136-425C-A537-301F8F2E500A}"
EndProject
Global
	GlobalSection(SolutionConfigurationPlatforms) = preSolution
		Debug|Any CPU = Debug|Any CPU
		Release|Any CPU = Release|Any CPU
	EndGlobalSection
	GlobalSection(ProjectConfigurationPlatforms) = postSolution
		{6C2B0C73-1136-425C-A537-301F8F2E500A}.Debug|Any CPU.ActiveCfg = Debug|Any CPU
		{6C2B0C73-1136-425C-A537-301F8F2E500A}.Debug|Any CPU.Build.0 = Debug|Any CPU
		{6C2B0C73-1136-425C-A537-301F8F2E500A}.Release|Any CPU.ActiveCfg = Release|Any CPU
		{6C2B0C73-1136-425C-A537-301F8F2E500A}.Release|Any CPU.Build.0 = Release|Any CPU
	EndGlobalSection
	GlobalSection(SolutionProperties) = preSolution
		HideSolutionNode = FALSE
	EndGlobalSection
	GlobalSection(ExtensibilityGlobals) = postSolution
		SolutionGuid = {DC72C07F-F49B-4F00-A6DD-94BE2A72A177}
	EndGlobalSection
EndGlobal
